
Microsoft Visual Studio Solution File, Format Version 12.00
# Visual Studio Version 17
VisualStudioVersion = 17.12.35527.113
MinimumVisualStudioVersion = 10.0.40219.1
Project("{FAE04EC0-301F-11D3-BF4B-00C04F79EFBC}") = "DTO", "DTO\DTO.csproj", "{C835AB6F-D128-463D-86DA-F5B4A3BFA4A5}"
EndProject
Project("{FAE04EC0-301F-11D3-BF4B-00C04F79EFBC}") = "Repositories", "Repositories\Repositories.csproj", "{44D5878B-017C-44F3-9A12-47CDA991E64D}"
EndProject
Project("{FAE04EC0-301F-11D3-BF4B-00C04F79EFBC}") = "Services", "Services\Services.csproj", "{201B3BB9-44DE-4611-A3BF-FD422985C513}"
EndProject
Project("{FAE04EC0-301F-11D3-BF4B-00C04F79EFBC}") = "Tests", "Tests\Tests.csproj", "{0D9F92FD-17A1-4D92-9362-2F69CDD55B71}"
EndProject
Project("{FAE04EC0-301F-11D3-BF4B-00C04F79EFBC}") = "TourAgency.Client", "TourAgency.Client\TourAgency.Client.csproj", "{9A118A0C-456A-7E70-FE4B-DD9E451F9A14}"
EndProject
Project("{2150E333-8FDC-42A3-9474-1A3956D46DE8}") = "Docs", "Docs", "{02EA681E-C7D8-13C7-8484-4AC65E1B71E8}"
	ProjectSection(SolutionItems) = preProject
		Tasks.txt = Tasks.txt
	EndProjectSection
EndProject
Project("{FAE04EC0-301F-11D3-BF4B-00C04F79EFBC}") = "Database", "Database\Database.csproj", "{5FF8FD23-E8E9-47EB-A437-FE64809FDFFA}"
EndProject
Global
	GlobalSection(SolutionConfigurationPlatforms) = preSolution
		Debug|Any CPU = Debug|Any CPU
		Release|Any CPU = Release|Any CPU
	EndGlobalSection
	GlobalSection(ProjectConfigurationPlatforms) = postSolution
		{C835AB6F-D128-463D-86DA-F5B4A3BFA4A5}.Debug|Any CPU.ActiveCfg = Debug|Any CPU
		{C835AB6F-D128-463D-86DA-F5B4A3BFA4A5}.Debug|Any CPU.Build.0 = Debug|Any CPU
		{C835AB6F-D128-463D-86DA-F5B4A3BFA4A5}.Release|Any CPU.ActiveCfg = Release|Any CPU
		{C835AB6F-D128-463D-86DA-F5B4A3BFA4A5}.Release|Any CPU.Build.0 = Release|Any CPU
		{44D5878B-017C-44F3-9A12-47CDA991E64D}.Debug|Any CPU.ActiveCfg = Debug|Any CPU
		{44D5878B-017C-44F3-9A12-47CDA991E64D}.Debug|Any CPU.Build.0 = Debug|Any CPU
		{44D5878B-017C-44F3-9A12-47CDA991E64D}.Release|Any CPU.ActiveCfg = Release|Any CPU
		{44D5878B-017C-44F3-9A12-47CDA991E64D}.Release|Any CPU.Build.0 = Release|Any CPU
		{201B3BB9-44DE-4611-A3BF-FD422985C513}.Debug|Any CPU.ActiveCfg = Debug|Any CPU
		{201B3BB9-44DE-4611-A3BF-FD422985C513}.Debug|Any CPU.Build.0 = Debug|Any CPU
		{201B3BB9-44DE-4611-A3BF-FD422985C513}.Release|Any CPU.ActiveCfg = Release|Any CPU
		{201B3BB9-44DE-4611-A3BF-FD422985C513}.Release|Any CPU.Build.0 = Release|Any CPU
		{0D9F92FD-17A1-4D92-9362-2F69CDD55B71}.Debug|Any CPU.ActiveCfg = Debug|Any CPU
		{0D9F92FD-17A1-4D92-9362-2F69CDD55B71}.Debug|Any CPU.Build.0 = Debug|Any CPU
		{0D9F92FD-17A1-4D92-9362-2F69CDD55B71}.Release|Any CPU.ActiveCfg = Release|Any CPU
		{0D9F92FD-17A1-4D92-9362-2F69CDD55B71}.Release|Any CPU.Build.0 = Release|Any CPU
		{9A118A0C-456A-7E70-FE4B-DD9E451F9A14}.Debug|Any CPU.ActiveCfg = Debug|Any CPU
		{9A118A0C-456A-7E70-FE4B-DD9E451F9A14}.Debug|Any CPU.Build.0 = Debug|Any CPU
		{9A118A0C-456A-7E70-FE4B-DD9E451F9A14}.Release|Any CPU.ActiveCfg = Release|Any CPU
		{9A118A0C-456A-7E70-FE4B-DD9E451F9A14}.Release|Any CPU.Build.0 = Release|Any CPU
		{5FF8FD23-E8E9-47EB-A437-FE64809FDFFA}.Debug|Any CPU.ActiveCfg = Debug|Any CPU
		{5FF8FD23-E8E9-47EB-A437-FE64809FDFFA}.Debug|Any CPU.Build.0 = Debug|Any CPU
		{5FF8FD23-E8E9-47EB-A437-FE64809FDFFA}.Release|Any CPU.ActiveCfg = Release|Any CPU
		{5FF8FD23-E8E9-47EB-A437-FE64809FDFFA}.Release|Any CPU.Build.0 = Release|Any CPU
	EndGlobalSection
	GlobalSection(SolutionProperties) = preSolution
		HideSolutionNode = FALSE
	EndGlobalSection
	GlobalSection(ExtensibilityGlobals) = postSolution
		SolutionGuid = {B7178944-13FA-4C5E-A3F1-84E7926BB1D5}
	EndGlobalSection
EndGlobal
